// !$*UTF8*$!
{
	archiveVersion = 1;
	classes = {
	};
	objectVersion = 50;
	objects = {

/* Begin PBXBuildFile section */
		B626E745236614DB0057725F /* LinkedList.swift in Sources */ = {isa = PBXBuildFile; fileRef = B626E744236614DB0057725F /* LinkedList.swift */; };
		B64FC0F12369B11D005A3E79 /* Utility.swift in Sources */ = {isa = PBXBuildFile; fileRef = B64FC0F02369B11D005A3E79 /* Utility.swift */; };
		B66D3C03235F854200A11814 /* BinarySearchTree.swift in Sources */ = {isa = PBXBuildFile; fileRef = B66D3C02235F854200A11814 /* BinarySearchTree.swift */; };
		B683DC142362D0A10071974C /* Problems.swift in Sources */ = {isa = PBXBuildFile; fileRef = B683DC132362D0A10071974C /* Problems.swift */; };
		B694EA1523684175001FA706 /* Trie.swift in Sources */ = {isa = PBXBuildFile; fileRef = B694EA1423684175001FA706 /* Trie.swift */; };
		B6A416D62364556700194540 /* Stack.swift in Sources */ = {isa = PBXBuildFile; fileRef = B6A416D52364556700194540 /* Stack.swift */; };
		B6A72357236414B800F34BBB /* FullBinaryTree.swift in Sources */ = {isa = PBXBuildFile; fileRef = B6A72356236414B800F34BBB /* FullBinaryTree.swift */; };
		B6BF64D22365EDFA00527062 /* Queue.swift in Sources */ = {isa = PBXBuildFile; fileRef = B6BF64D12365EDFA00527062 /* Queue.swift */; };
		B6C02FF5236702C200559B67 /* Matrix.swift in Sources */ = {isa = PBXBuildFile; fileRef = B6C02FF4236702C200559B67 /* Matrix.swift */; };
		B6DC3857235B839900791487 /* AppDelegate.swift in Sources */ = {isa = PBXBuildFile; fileRef = B6DC3856235B839900791487 /* AppDelegate.swift */; };
		B6DC3859235B839900791487 /* SceneDelegate.swift in Sources */ = {isa = PBXBuildFile; fileRef = B6DC3858235B839900791487 /* SceneDelegate.swift */; };
		B6DC385B235B839900791487 /* ViewController.swift in Sources */ = {isa = PBXBuildFile; fileRef = B6DC385A235B839900791487 /* ViewController.swift */; };
		B6DC385E235B839900791487 /* Main.storyboard in Resources */ = {isa = PBXBuildFile; fileRef = B6DC385C235B839900791487 /* Main.storyboard */; };
		B6DC3860235B839E00791487 /* Assets.xcassets in Resources */ = {isa = PBXBuildFile; fileRef = B6DC385F235B839E00791487 /* Assets.xcassets */; };
		B6DC3863235B839E00791487 /* LaunchScreen.storyboard in Resources */ = {isa = PBXBuildFile; fileRef = B6DC3861235B839E00791487 /* LaunchScreen.storyboard */; };
		B6DC386E235B839E00791487 /* DataStructuresTests.swift in Sources */ = {isa = PBXBuildFile; fileRef = B6DC386D235B839E00791487 /* DataStructuresTests.swift */; };
		B6DC3879235B839F00791487 /* DataStructuresUITests.swift in Sources */ = {isa = PBXBuildFile; fileRef = B6DC3878235B839F00791487 /* DataStructuresUITests.swift */; };
		B6DC3888235B83F700791487 /* Heap.swift in Sources */ = {isa = PBXBuildFile; fileRef = B6DC3887235B83F700791487 /* Heap.swift */; };
/* End PBXBuildFile section */

/* Begin PBXContainerItemProxy section */
		B6DC386A235B839E00791487 /* PBXContainerItemProxy */ = {
			isa = PBXContainerItemProxy;
			containerPortal = B6DC384B235B839900791487 /* Project object */;
			proxyType = 1;
			remoteGlobalIDString = B6DC3852235B839900791487;
			remoteInfo = DataStructures;
		};
		B6DC3875235B839F00791487 /* PBXContainerItemProxy */ = {
			isa = PBXContainerItemProxy;
			containerPortal = B6DC384B235B839900791487 /* Project object */;
			proxyType = 1;
			remoteGlobalIDString = B6DC3852235B839900791487;
			remoteInfo = DataStructures;
		};
/* End PBXContainerItemProxy section */

/* Begin PBXFileReference section */
		B626E744236614DB0057725F /* LinkedList.swift */ = {isa = PBXFileReference; lastKnownFileType = sourcecode.swift; path = LinkedList.swift; sourceTree = "<group>"; };
		B64FC0F02369B11D005A3E79 /* Utility.swift */ = {isa = PBXFileReference; lastKnownFileType = sourcecode.swift; path = Utility.swift; sourceTree = "<group>"; };
		B66D3C02235F854200A11814 /* BinarySearchTree.swift */ = {isa = PBXFileReference; lastKnownFileType = sourcecode.swift; path = BinarySearchTree.swift; sourceTree = "<group>"; };
		B683DC132362D0A10071974C /* Problems.swift */ = {isa = PBXFileReference; lastKnownFileType = sourcecode.swift; path = Problems.swift; sourceTree = "<group>"; };
		B694EA1423684175001FA706 /* Trie.swift */ = {isa = PBXFileReference; lastKnownFileType = sourcecode.swift; path = Trie.swift; sourceTree = "<group>"; };
		B6A416D52364556700194540 /* Stack.swift */ = {isa = PBXFileReference; lastKnownFileType = sourcecode.swift; path = Stack.swift; sourceTree = "<group>"; };
		B6A72356236414B800F34BBB /* FullBinaryTree.swift */ = {isa = PBXFileReference; lastKnownFileType = sourcecode.swift; path = FullBinaryTree.swift; sourceTree = "<group>"; };
		B6BF64D12365EDFA00527062 /* Queue.swift */ = {isa = PBXFileReference; lastKnownFileType = sourcecode.swift; path = Queue.swift; sourceTree = "<group>"; };
		B6C02FF4236702C200559B67 /* Matrix.swift */ = {isa = PBXFileReference; lastKnownFileType = sourcecode.swift; path = Matrix.swift; sourceTree = "<group>"; };
		B6DC3853235B839900791487 /* DataStructures.app */ = {isa = PBXFileReference; explicitFileType = wrapper.application; includeInIndex = 0; path = DataStructures.app; sourceTree = BUILT_PRODUCTS_DIR; };
		B6DC3856235B839900791487 /* AppDelegate.swift */ = {isa = PBXFileReference; lastKnownFileType = sourcecode.swift; path = AppDelegate.swift; sourceTree = "<group>"; };
		B6DC3858235B839900791487 /* SceneDelegate.swift */ = {isa = PBXFileReference; lastKnownFileType = sourcecode.swift; path = SceneDelegate.swift; sourceTree = "<group>"; };
		B6DC385A235B839900791487 /* ViewController.swift */ = {isa = PBXFileReference; lastKnownFileType = sourcecode.swift; path = ViewController.swift; sourceTree = "<group>"; };
		B6DC385D235B839900791487 /* Base */ = {isa = PBXFileReference; lastKnownFileType = file.storyboard; name = Base; path = Base.lproj/Main.storyboard; sourceTree = "<group>"; };
		B6DC385F235B839E00791487 /* Assets.xcassets */ = {isa = PBXFileReference; lastKnownFileType = folder.assetcatalog; path = Assets.xcassets; sourceTree = "<group>"; };
		B6DC3862235B839E00791487 /* Base */ = {isa = PBXFileReference; lastKnownFileType = file.storyboard; name = Base; path = Base.lproj/LaunchScreen.storyboard; sourceTree = "<group>"; };
		B6DC3864235B839E00791487 /* Info.plist */ = {isa = PBXFileReference; lastKnownFileType = text.plist.xml; path = Info.plist; sourceTree = "<group>"; };
		B6DC3869235B839E00791487 /* DataStructuresTests.xctest */ = {isa = PBXFileReference; explicitFileType = wrapper.cfbundle; includeInIndex = 0; path = DataStructuresTests.xctest; sourceTree = BUILT_PRODUCTS_DIR; };
		B6DC386D235B839E00791487 /* DataStructuresTests.swift */ = {isa = PBXFileReference; lastKnownFileType = sourcecode.swift; path = DataStructuresTests.swift; sourceTree = "<group>"; };
		B6DC386F235B839E00791487 /* Info.plist */ = {isa = PBXFileReference; lastKnownFileType = text.plist.xml; path = Info.plist; sourceTree = "<group>"; };
		B6DC3874235B839F00791487 /* DataStructuresUITests.xctest */ = {isa = PBXFileReference; explicitFileType = wrapper.cfbundle; includeInIndex = 0; path = DataStructuresUITests.xctest; sourceTree = BUILT_PRODUCTS_DIR; };
		B6DC3878235B839F00791487 /* DataStructuresUITests.swift */ = {isa = PBXFileReference; lastKnownFileType = sourcecode.swift; path = DataStructuresUITests.swift; sourceTree = "<group>"; };
		B6DC387A235B839F00791487 /* Info.plist */ = {isa = PBXFileReference; lastKnownFileType = text.plist.xml; path = Info.plist; sourceTree = "<group>"; };
		B6DC3887235B83F700791487 /* Heap.swift */ = {isa = PBXFileReference; lastKnownFileType = sourcecode.swift; path = Heap.swift; sourceTree = "<group>"; };
/* End PBXFileReference section */

/* Begin PBXFrameworksBuildPhase section */
		B6DC3850235B839900791487 /* Frameworks */ = {
			isa = PBXFrameworksBuildPhase;
			buildActionMask = 2147483647;
			files = (
			);
			runOnlyForDeploymentPostprocessing = 0;
		};
		B6DC3866235B839E00791487 /* Frameworks */ = {
			isa = PBXFrameworksBuildPhase;
			buildActionMask = 2147483647;
			files = (
			);
			runOnlyForDeploymentPostprocessing = 0;
		};
		B6DC3871235B839F00791487 /* Frameworks */ = {
			isa = PBXFrameworksBuildPhase;
			buildActionMask = 2147483647;
			files = (
			);
			runOnlyForDeploymentPostprocessing = 0;
		};
/* End PBXFrameworksBuildPhase section */

/* Begin PBXGroup section */
		B683DC122362D07E0071974C /* Problems */ = {
			isa = PBXGroup;
			children = (
				B683DC132362D0A10071974C /* Problems.swift */,
			);
			path = Problems;
			sourceTree = "<group>";
		};
		B6DC384A235B839900791487 = {
			isa = PBXGroup;
			children = (
				B6DC3855235B839900791487 /* DataStructures */,
				B6DC386C235B839E00791487 /* DataStructuresTests */,
				B6DC3877235B839F00791487 /* DataStructuresUITests */,
				B6DC3854235B839900791487 /* Products */,
			);
			sourceTree = "<group>";
		};
		B6DC3854235B839900791487 /* Products */ = {
			isa = PBXGroup;
			children = (
				B6DC3853235B839900791487 /* DataStructures.app */,
				B6DC3869235B839E00791487 /* DataStructuresTests.xctest */,
				B6DC3874235B839F00791487 /* DataStructuresUITests.xctest */,
			);
			name = Products;
			sourceTree = "<group>";
		};
		B6DC3855235B839900791487 /* DataStructures */ = {
			isa = PBXGroup;
			children = (
				B683DC122362D07E0071974C /* Problems */,
				B6DC3856235B839900791487 /* AppDelegate.swift */,
				B6DC3858235B839900791487 /* SceneDelegate.swift */,
				B6DC385A235B839900791487 /* ViewController.swift */,
				B64FC0F02369B11D005A3E79 /* Utility.swift */,
				B6DC3886235B83DE00791487 /* DSs */,
				B6DC385F235B839E00791487 /* Assets.xcassets */,
				B6DC3861235B839E00791487 /* LaunchScreen.storyboard */,
				B6DC385C235B839900791487 /* Main.storyboard */,
				B6DC3864235B839E00791487 /* Info.plist */,
			);
			path = DataStructures;
			sourceTree = "<group>";
		};
		B6DC386C235B839E00791487 /* DataStructuresTests */ = {
			isa = PBXGroup;
			children = (
				B6DC386D235B839E00791487 /* DataStructuresTests.swift */,
				B6DC386F235B839E00791487 /* Info.plist */,
			);
			path = DataStructuresTests;
			sourceTree = "<group>";
		};
		B6DC3877235B839F00791487 /* DataStructuresUITests */ = {
			isa = PBXGroup;
			children = (
				B6DC3878235B839F00791487 /* DataStructuresUITests.swift */,
				B6DC387A235B839F00791487 /* Info.plist */,
			);
			path = DataStructuresUITests;
			sourceTree = "<group>";
		};
		B6DC3886235B83DE00791487 /* DSs */ = {
			isa = PBXGroup;
			children = (
				B6A72356236414B800F34BBB /* FullBinaryTree.swift */,
				B6DC3887235B83F700791487 /* Heap.swift */,
				B66D3C02235F854200A11814 /* BinarySearchTree.swift */,
				B6A416D52364556700194540 /* Stack.swift */,
				B6BF64D12365EDFA00527062 /* Queue.swift */,
				B626E744236614DB0057725F /* LinkedList.swift */,
				B6C02FF4236702C200559B67 /* Matrix.swift */,
				B694EA1423684175001FA706 /* Trie.swift */,
			);
			path = DSs;
			sourceTree = "<group>";
		};
/* End PBXGroup section */

/* Begin PBXNativeTarget section */
		B6DC3852235B839900791487 /* DataStructures */ = {
			isa = PBXNativeTarget;
			buildConfigurationList = B6DC387D235B839F00791487 /* Build configuration list for PBXNativeTarget "DataStructures" */;
			buildPhases = (
				B6DC384F235B839900791487 /* Sources */,
				B6DC3850235B839900791487 /* Frameworks */,
				B6DC3851235B839900791487 /* Resources */,
			);
			buildRules = (
			);
			dependencies = (
			);
			name = DataStructures;
			productName = DataStructures;
			productReference = B6DC3853235B839900791487 /* DataStructures.app */;
			productType = "com.apple.product-type.application";
		};
		B6DC3868235B839E00791487 /* DataStructuresTests */ = {
			isa = PBXNativeTarget;
			buildConfigurationList = B6DC3880235B839F00791487 /* Build configuration list for PBXNativeTarget "DataStructuresTests" */;
			buildPhases = (
				B6DC3865235B839E00791487 /* Sources */,
				B6DC3866235B839E00791487 /* Frameworks */,
				B6DC3867235B839E00791487 /* Resources */,
			);
			buildRules = (
			);
			dependencies = (
				B6DC386B235B839E00791487 /* PBXTargetDependency */,
			);
			name = DataStructuresTests;
			productName = DataStructuresTests;
			productReference = B6DC3869235B839E00791487 /* DataStructuresTests.xctest */;
			productType = "com.apple.product-type.bundle.unit-test";
		};
		B6DC3873235B839F00791487 /* DataStructuresUITests */ = {
			isa = PBXNativeTarget;
			buildConfigurationList = B6DC3883235B839F00791487 /* Build configuration list for PBXNativeTarget "DataStructuresUITests" */;
			buildPhases = (
				B6DC3870235B839F00791487 /* Sources */,
				B6DC3871235B839F00791487 /* Frameworks */,
				B6DC3872235B839F00791487 /* Resources */,
			);
			buildRules = (
			);
			dependencies = (
				B6DC3876235B839F00791487 /* PBXTargetDependency */,
			);
			name = DataStructuresUITests;
			productName = DataStructuresUITests;
			productReference = B6DC3874235B839F00791487 /* DataStructuresUITests.xctest */;
			productType = "com.apple.product-type.bundle.ui-testing";
		};
/* End PBXNativeTarget section */

/* Begin PBXProject section */
		B6DC384B235B839900791487 /* Project object */ = {
			isa = PBXProject;
			attributes = {
				LastSwiftUpdateCheck = 1110;
				LastUpgradeCheck = 1110;
				ORGANIZATIONNAME = manas;
				TargetAttributes = {
					B6DC3852235B839900791487 = {
						CreatedOnToolsVersion = 11.1;
					};
					B6DC3868235B839E00791487 = {
						CreatedOnToolsVersion = 11.1;
						TestTargetID = B6DC3852235B839900791487;
					};
					B6DC3873235B839F00791487 = {
						CreatedOnToolsVersion = 11.1;
						TestTargetID = B6DC3852235B839900791487;
					};
				};
			};
			buildConfigurationList = B6DC384E235B839900791487 /* Build configuration list for PBXProject "DataStructures" */;
			compatibilityVersion = "Xcode 9.3";
			developmentRegion = en;
			hasScannedForEncodings = 0;
			knownRegions = (
				en,
				Base,
			);
			mainGroup = B6DC384A235B839900791487;
			productRefGroup = B6DC3854235B839900791487 /* Products */;
			projectDirPath = "";
			projectRoot = "";
			targets = (
				B6DC3852235B839900791487 /* DataStructures */,
				B6DC3868235B839E00791487 /* DataStructuresTests */,
				B6DC3873235B839F00791487 /* DataStructuresUITests */,
			);
		};
/* End PBXProject section */

/* Begin PBXResourcesBuildPhase section */
		B6DC3851235B839900791487 /* Resources */ = {
			isa = PBXResourcesBuildPhase;
			buildActionMask = 2147483647;
			files = (
				B6DC3863235B839E00791487 /* LaunchScreen.storyboard in Resources */,
				B6DC3860235B839E00791487 /* Assets.xcassets in Resources */,
				B6DC385E235B839900791487 /* Main.storyboard in Resources */,
			);
			runOnlyForDeploymentPostprocessing = 0;
		};
		B6DC3867235B839E00791487 /* Resources */ = {
			isa = PBXResourcesBuildPhase;
			buildActionMask = 2147483647;
			files = (
			);
			runOnlyForDeploymentPostprocessing = 0;
		};
		B6DC3872235B839F00791487 /* Resources */ = {
			isa = PBXResourcesBuildPhase;
			buildActionMask = 2147483647;
			files = (
			);
			runOnlyForDeploymentPostprocessing = 0;
		};
/* End PBXResourcesBuildPhase section */

/* Begin PBXSourcesBuildPhase section */
		B6DC384F235B839900791487 /* Sources */ = {
			isa = PBXSourcesBuildPhase;
			buildActionMask = 2147483647;
			files = (
				B6DC385B235B839900791487 /* ViewController.swift in Sources */,
				B6DC3857235B839900791487 /* AppDelegate.swift in Sources */,
				B626E745236614DB0057725F /* LinkedList.swift in Sources */,
				B6A72357236414B800F34BBB /* FullBinaryTree.swift in Sources */,
				B6DC3859235B839900791487 /* SceneDelegate.swift in Sources */,
				B6C02FF5236702C200559B67 /* Matrix.swift in Sources */,
				B6A416D62364556700194540 /* Stack.swift in Sources */,
				B64FC0F12369B11D005A3E79 /* Utility.swift in Sources */,
				B683DC142362D0A10071974C /* Problems.swift in Sources */,
				B6DC3888235B83F700791487 /* Heap.swift in Sources */,
				B694EA1523684175001FA706 /* Trie.swift in Sources */,
				B6BF64D22365EDFA00527062 /* Queue.swift in Sources */,
				B66D3C03235F854200A11814 /* BinarySearchTree.swift in Sources */,
			);
			runOnlyForDeploymentPostprocessing = 0;
		};
		B6DC3865235B839E00791487 /* Sources */ = {
			isa = PBXSourcesBuildPhase;
			buildActionMask = 2147483647;
			files = (
				B6DC386E235B839E00791487 /* DataStructuresTests.swift in Sources */,
			);
			runOnlyForDeploymentPostprocessing = 0;
		};
		B6DC3870235B839F00791487 /* Sources */ = {
			isa = PBXSourcesBuildPhase;
			buildActionMask = 2147483647;
			files = (
				B6DC3879235B839F00791487 /* DataStructuresUITests.swift in Sources */,
			);
			runOnlyForDeploymentPostprocessing = 0;
		};
/* End PBXSourcesBuildPhase section */

/* Begin PBXTargetDependency section */
		B6DC386B235B839E00791487 /* PBXTargetDependency */ = {
			isa = PBXTargetDependency;
			target = B6DC3852235B839900791487 /* DataStructures */;
			targetProxy = B6DC386A235B839E00791487 /* PBXContainerItemProxy */;
		};
		B6DC3876235B839F00791487 /* PBXTargetDependency */ = {
			isa = PBXTargetDependency;
			target = B6DC3852235B839900791487 /* DataStructures */;
			targetProxy = B6DC3875235B839F00791487 /* PBXContainerItemProxy */;
		};
/* End PBXTargetDependency section */

/* Begin PBXVariantGroup section */
		B6DC385C235B839900791487 /* Main.storyboard */ = {
			isa = PBXVariantGroup;
			children = (
				B6DC385D235B839900791487 /* Base */,
			);
			name = Main.storyboard;
			sourceTree = "<group>";
		};
		B6DC3861235B839E00791487 /* LaunchScreen.storyboard */ = {
			isa = PBXVariantGroup;
			children = (
				B6DC3862235B839E00791487 /* Base */,
			);
			name = LaunchScreen.storyboard;
			sourceTree = "<group>";
		};
/* End PBXVariantGroup section */

/* Begin XCBuildConfiguration section */
		B6DC387B235B839F00791487 /* Debug */ = {
			isa = XCBuildConfiguration;
			buildSettings = {
				ALWAYS_SEARCH_USER_PATHS = NO;
				CLANG_ANALYZER_NONNULL = YES;
				CLANG_ANALYZER_NUMBER_OBJECT_CONVERSION = YES_AGGRESSIVE;
				CLANG_CXX_LANGUAGE_STANDARD = "gnu++14";
				CLANG_CXX_LIBRARY = "libc++";
				CLANG_ENABLE_MODULES = YES;
				CLANG_ENABLE_OBJC_ARC = YES;
				CLANG_ENABLE_OBJC_WEAK = YES;
				CLANG_WARN_BLOCK_CAPTURE_AUTORELEASING = YES;
				CLANG_WARN_BOOL_CONVERSION = YES;
				CLANG_WARN_COMMA = YES;
				CLANG_WARN_CONSTANT_CONVERSION = YES;
				CLANG_WARN_DEPRECATED_OBJC_IMPLEMENTATIONS = YES;
				CLANG_WARN_DIRECT_OBJC_ISA_USAGE = YES_ERROR;
				CLANG_WARN_DOCUMENTATION_COMMENTS = YES;
				CLANG_WARN_EMPTY_BODY = YES;
				CLANG_WARN_ENUM_CONVERSION = YES;
				CLANG_WARN_INFINITE_RECURSION = YES;
				CLANG_WARN_INT_CONVERSION = YES;
				CLANG_WARN_NON_LITERAL_NULL_CONVERSION = YES;
				CLANG_WARN_OBJC_IMPLICIT_RETAIN_SELF = YES;
				CLANG_WARN_OBJC_LITERAL_CONVERSION = YES;
				CLANG_WARN_OBJC_ROOT_CLASS = YES_ERROR;
				CLANG_WARN_RANGE_LOOP_ANALYSIS = YES;
				CLANG_WARN_STRICT_PROTOTYPES = YES;
				CLANG_WARN_SUSPICIOUS_MOVE = YES;
				CLANG_WARN_UNGUARDED_AVAILABILITY = YES_AGGRESSIVE;
				CLANG_WARN_UNREACHABLE_CODE = YES;
				CLANG_WARN__DUPLICATE_METHOD_MATCH = YES;
				COPY_PHASE_STRIP = NO;
				DEBUG_INFORMATION_FORMAT = dwarf;
				ENABLE_STRICT_OBJC_MSGSEND = YES;
				ENABLE_TESTABILITY = YES;
				GCC_C_LANGUAGE_STANDARD = gnu11;
				GCC_DYNAMIC_NO_PIC = NO;
				GCC_NO_COMMON_BLOCKS = YES;
				GCC_OPTIMIZATION_LEVEL = 0;
				GCC_PREPROCESSOR_DEFINITIONS = (
					"DEBUG=1",
					"$(inherited)",
				);
				GCC_WARN_64_TO_32_BIT_CONVERSION = YES;
				GCC_WARN_ABOUT_RETURN_TYPE = YES_ERROR;
				GCC_WARN_UNDECLARED_SELECTOR = YES;
				GCC_WARN_UNINITIALIZED_AUTOS = YES_AGGRESSIVE;
				GCC_WARN_UNUSED_FUNCTION = YES;
				GCC_WARN_UNUSED_VARIABLE = YES;
				IPHONEOS_DEPLOYMENT_TARGET = 13.1;
				MTL_ENABLE_DEBUG_INFO = INCLUDE_SOURCE;
				MTL_FAST_MATH = YES;
				ONLY_ACTIVE_ARCH = YES;
				SDKROOT = iphoneos;
				SWIFT_ACTIVE_COMPILATION_CONDITIONS = DEBUG;
				SWIFT_OPTIMIZATION_LEVEL = "-Onone";
			};
			name = Debug;
		};
		B6DC387C235B839F00791487 /* Release */ = {
			isa = XCBuildConfiguration;
			buildSettings = {
				ALWAYS_SEARCH_USER_PATHS = NO;
				CLANG_ANALYZER_NONNULL = YES;
				CLANG_ANALYZER_NUMBER_OBJECT_CONVERSION = YES_AGGRESSIVE;
				CLANG_CXX_LANGUAGE_STANDARD = "gnu++14";
				CLANG_CXX_LIBRARY = "libc++";
				CLANG_ENABLE_MODULES = YES;
				CLANG_ENABLE_OBJC_ARC = YES;
				CLANG_ENABLE_OBJC_WEAK = YES;
				CLANG_WARN_BLOCK_CAPTURE_AUTORELEASING = YES;
				CLANG_WARN_BOOL_CONVERSION = YES;
				CLANG_WARN_COMMA = YES;
				CLANG_WARN_CONSTANT_CONVERSION = YES;
				CLANG_WARN_DEPRECATED_OBJC_IMPLEMENTATIONS = YES;
				CLANG_WARN_DIRECT_OBJC_ISA_USAGE = YES_ERROR;
				CLANG_WARN_DOCUMENTATION_COMMENTS = YES;
				CLANG_WARN_EMPTY_BODY = YES;
				CLANG_WARN_ENUM_CONVERSION = YES;
				CLANG_WARN_INFINITE_RECURSION = YES;
				CLANG_WARN_INT_CONVERSION = YES;
				CLANG_WARN_NON_LITERAL_NULL_CONVERSION = YES;
				CLANG_WARN_OBJC_IMPLICIT_RETAIN_SELF = YES;
				CLANG_WARN_OBJC_LITERAL_CONVERSION = YES;
				CLANG_WARN_OBJC_ROOT_CLASS = YES_ERROR;
				CLANG_WARN_RANGE_LOOP_ANALYSIS = YES;
				CLANG_WARN_STRICT_PROTOTYPES = YES;
				CLANG_WARN_SUSPICIOUS_MOVE = YES;
				CLANG_WARN_UNGUARDED_AVAILABILITY = YES_AGGRESSIVE;
				CLANG_WARN_UNREACHABLE_CODE = YES;
				CLANG_WARN__DUPLICATE_METHOD_MATCH = YES;
				COPY_PHASE_STRIP = NO;
				DEBUG_INFORMATION_FORMAT = "dwarf-with-dsym";
				ENABLE_NS_ASSERTIONS = NO;
				ENABLE_STRICT_OBJC_MSGSEND = YES;
				GCC_C_LANGUAGE_STANDARD = gnu11;
				GCC_NO_COMMON_BLOCKS = YES;
				GCC_WARN_64_TO_32_BIT_CONVERSION = YES;
				GCC_WARN_ABOUT_RETURN_TYPE = YES_ERROR;
				GCC_WARN_UNDECLARED_SELECTOR = YES;
				GCC_WARN_UNINITIALIZED_AUTOS = YES_AGGRESSIVE;
				GCC_WARN_UNUSED_FUNCTION = YES;
				GCC_WARN_UNUSED_VARIABLE = YES;
				IPHONEOS_DEPLOYMENT_TARGET = 13.1;
				MTL_ENABLE_DEBUG_INFO = NO;
				MTL_FAST_MATH = YES;
				SDKROOT = iphoneos;
				SWIFT_COMPILATION_MODE = wholemodule;
				SWIFT_OPTIMIZATION_LEVEL = "-O";
				VALIDATE_PRODUCT = YES;
			};
			name = Release;
		};
		B6DC387E235B839F00791487 /* Debug */ = {
			isa = XCBuildConfiguration;
			buildSettings = {
				ASSETCATALOG_COMPILER_APPICON_NAME = AppIcon;
				CODE_SIGN_STYLE = Automatic;
				DEVELOPMENT_TEAM = AQ6PMKC8S6;
				INFOPLIST_FILE = DataStructures/Info.plist;
				IPHONEOS_DEPLOYMENT_TARGET = 13.0;
				LD_RUNPATH_SEARCH_PATHS = (
					"$(inherited)",
					"@executable_path/Frameworks",
				);
				PRODUCT_BUNDLE_IDENTIFIER = com.manas.DataStructures;
				PRODUCT_NAME = "$(TARGET_NAME)";
				SWIFT_VERSION = 5.0;
				TARGETED_DEVICE_FAMILY = "1,2";
			};
			name = Debug;
		};
		B6DC387F235B839F00791487 /* Release */ = {
			isa = XCBuildConfiguration;
			buildSettings = {
				ASSETCATALOG_COMPILER_APPICON_NAME = AppIcon;
				CODE_SIGN_STYLE = Automatic;
				DEVELOPMENT_TEAM = AQ6PMKC8S6;
				INFOPLIST_FILE = DataStructures/Info.plist;
				IPHONEOS_DEPLOYMENT_TARGET = 13.0;
				LD_RUNPATH_SEARCH_PATHS = (
					"$(inherited)",
					"@executable_path/Frameworks",
				);
				PRODUCT_BUNDLE_IDENTIFIER = com.manas.DataStructures;
				PRODUCT_NAME = "$(TARGET_NAME)";
				SWIFT_VERSION = 5.0;
				TARGETED_DEVICE_FAMILY = "1,2";
			};
			name = Release;
		};
		B6DC3881235B839F00791487 /* Debug */ = {
			isa = XCBuildConfiguration;
			buildSettings = {
				ALWAYS_EMBED_SWIFT_STANDARD_LIBRARIES = YES;
				BUNDLE_LOADER = "$(TEST_HOST)";
				CODE_SIGN_STYLE = Automatic;
				DEVELOPMENT_TEAM = AQ6PMKC8S6;
				INFOPLIST_FILE = DataStructuresTests/Info.plist;
				IPHONEOS_DEPLOYMENT_TARGET = 13.1;
				LD_RUNPATH_SEARCH_PATHS = (
					"$(inherited)",
					"@executable_path/Frameworks",
					"@loader_path/Frameworks",
				);
				PRODUCT_BUNDLE_IDENTIFIER = com.manas.DataStructuresTests;
				PRODUCT_NAME = "$(TARGET_NAME)";
				SWIFT_VERSION = 5.0;
				TARGETED_DEVICE_FAMILY = "1,2";
				TEST_HOST = "$(BUILT_PRODUCTS_DIR)/DataStructures.app/DataStructures";
			};
			name = Debug;
		};
		B6DC3882235B839F00791487 /* Release */ = {
			isa = XCBuildConfiguration;
			buildSettings = {
				ALWAYS_EMBED_SWIFT_STANDARD_LIBRARIES = YES;
				BUNDLE_LOADER = "$(TEST_HOST)";
				CODE_SIGN_STYLE = Automatic;
				DEVELOPMENT_TEAM = AQ6PMKC8S6;
				INFOPLIST_FILE = DataStructuresTests/Info.plist;
				IPHONEOS_DEPLOYMENT_TARGET = 13.1;
				LD_RUNPATH_SEARCH_PATHS = (
					"$(inherited)",
					"@executable_path/Frameworks",
					"@loader_path/Frameworks",
				);
				PRODUCT_BUNDLE_IDENTIFIER = com.manas.DataStructuresTests;
				PRODUCT_NAME = "$(TARGET_NAME)";
				SWIFT_VERSION = 5.0;
				TARGETED_DEVICE_FAMILY = "1,2";
				TEST_HOST = "$(BUILT_PRODUCTS_DIR)/DataStructures.app/DataStructures";
			};
			name = Release;
		};
		B6DC3884235B839F00791487 /* Debug */ = {
			isa = XCBuildConfiguration;
			buildSettings = {
				ALWAYS_EMBED_SWIFT_STANDARD_LIBRARIES = YES;
				CODE_SIGN_STYLE = Automatic;
				DEVELOPMENT_TEAM = AQ6PMKC8S6;
				INFOPLIST_FILE = DataStructuresUITests/Info.plist;
				LD_RUNPATH_SEARCH_PATHS = (
					"$(inherited)",
					"@executable_path/Frameworks",
					"@loader_path/Frameworks",
				);
				PRODUCT_BUNDLE_IDENTIFIER = com.manas.DataStructuresUITests;
				PRODUCT_NAME = "$(TARGET_NAME)";
				SWIFT_VERSION = 5.0;
				TARGETED_DEVICE_FAMILY = "1,2";
				TEST_TARGET_NAME = DataStructures;
			};
			name = Debug;
		};
		B6DC3885235B839F00791487 /* Release */ = {
			isa = XCBuildConfiguration;
			buildSettings = {
				ALWAYS_EMBED_SWIFT_STANDARD_LIBRARIES = YES;
				CODE_SIGN_STYLE = Automatic;
				DEVELOPMENT_TEAM = AQ6PMKC8S6;
				INFOPLIST_FILE = DataStructuresUITests/Info.plist;
				LD_RUNPATH_SEARCH_PATHS = (
					"$(inherited)",
					"@executable_path/Frameworks",
					"@loader_path/Frameworks",
				);
				PRODUCT_BUNDLE_IDENTIFIER = com.manas.DataStructuresUITests;
				PRODUCT_NAME = "$(TARGET_NAME)";
				SWIFT_VERSION = 5.0;
				TARGETED_DEVICE_FAMILY = "1,2";
				TEST_TARGET_NAME = DataStructures;
			};
			name = Release;
		};
/* End XCBuildConfiguration section */

/* Begin XCConfigurationList section */
		B6DC384E235B839900791487 /* Build configuration list for PBXProject "DataStructures" */ = {
			isa = XCConfigurationList;
			buildConfigurations = (
				B6DC387B235B839F00791487 /* Debug */,
				B6DC387C235B839F00791487 /* Release */,
			);
			defaultConfigurationIsVisible = 0;
			defaultConfigurationName = Release;
		};
		B6DC387D235B839F00791487 /* Build configuration list for PBXNativeTarget "DataStructures" */ = {
			isa = XCConfigurationList;
			buildConfigurations = (
				B6DC387E235B839F00791487 /* Debug */,
				B6DC387F235B839F00791487 /* Release */,
			);
			defaultConfigurationIsVisible = 0;
			defaultConfigurationName = Release;
		};
		B6DC3880235B839F00791487 /* Build configuration list for PBXNativeTarget "DataStructuresTests" */ = {
			isa = XCConfigurationList;
			buildConfigurations = (
				B6DC3881235B839F00791487 /* Debug */,
				B6DC3882235B839F00791487 /* Release */,
			);
			defaultConfigurationIsVisible = 0;
			defaultConfigurationName = Release;
		};
		B6DC3883235B839F00791487 /* Build configuration list for PBXNativeTarget "DataStructuresUITests" */ = {
			isa = XCConfigurationList;
			buildConfigurations = (
				B6DC3884235B839F00791487 /* Debug */,
				B6DC3885235B839F00791487 /* Release */,
			);
			defaultConfigurationIsVisible = 0;
			defaultConfigurationName = Release;
		};
/* End XCConfigurationList section */
	};
	rootObject = B6DC384B235B839900791487 /* Project object */;
}
